<Solution>
  <Folder Name="/Solution Items/">
    <File Path=".editorconfig" />
    <File Path="Directory.Build.props" />
    <File Path="Readme.md" />
  </Folder>
  <Folder Name="/Solution Items/_Imports/">
    <File Path="_Imports/Local.targets" />
    <File Path="_Imports/Test.targets" />
  </Folder>
  <Project Path="TestApplication/TestApplication.csproj" />
  <Project Path="TMDbLib/TMDbLib.csproj" />
  <Project Path="TMDbLibTests/TMDbLibTests.csproj" />
</Solution>
