
Microsoft Visual Studio Solution File, Format Version 12.00
# Visual Studio 2013
VisualStudioVersion = 12.0.30501.0
MinimumVisualStudioVersion = 10.0.40219.1
Project("{FAE04EC0-301F-11D3-BF4B-00C04F79EFBC}") = "TMDbLib", "TMDbLib\TMDbLib.csproj", "{C81A4E5C-FCC9-476B-A95C-82D204F7B700}"
EndProject
Project("{FAE04EC0-301F-11D3-BF4B-00C04F79EFBC}") = "TMDbLibTests", "TMDbLibTests\TMDbLibTests.csproj", "{00AB08ED-9484-4AAE-9C8C-D19E40325E16}"
EndProject
Project("{FAE04EC0-301F-11D3-BF4B-00C04F79EFBC}") = "TestApplication", "TestApplication\TestApplication.csproj", "{E2324DA0-C17D-42B1-BABF-7699E40DFEFE}"
EndProject
Global
	GlobalSection(SolutionConfigurationPlatforms) = preSolution
		Debug|Any CPU = Debug|Any CPU
		Release|Any CPU = Release|Any CPU
	EndGlobalSection
	GlobalSection(ProjectConfigurationPlatforms) = postSolution
		{C81A4E5C-FCC9-476B-A95C-82D204F7B700}.Debug|Any CPU.ActiveCfg = Debug|Any CPU
		{C81A4E5C-FCC9-476B-A95C-82D204F7B700}.Debug|Any CPU.Build.0 = Debug|Any CPU
		{C81A4E5C-FCC9-476B-A95C-82D204F7B700}.Release|Any CPU.ActiveCfg = Release|Any CPU
		{C81A4E5C-FCC9-476B-A95C-82D204F7B700}.Release|Any CPU.Build.0 = Release|Any CPU
		{00AB08ED-9484-4AAE-9C8C-D19E40325E16}.Debug|Any CPU.ActiveCfg = Debug|Any CPU
		{00AB08ED-9484-4AAE-9C8C-D19E40325E16}.Debug|Any CPU.Build.0 = Debug|Any CPU
		{00AB08ED-9484-4AAE-9C8C-D19E40325E16}.Release|Any CPU.ActiveCfg = Release|Any CPU
		{00AB08ED-9484-4AAE-9C8C-D19E40325E16}.Release|Any CPU.Build.0 = Release|Any CPU
		{E2324DA0-C17D-42B1-BABF-7699E40DFEFE}.Debug|Any CPU.ActiveCfg = Debug|Any CPU
		{E2324DA0-C17D-42B1-BABF-7699E40DFEFE}.Debug|Any CPU.Build.0 = Debug|Any CPU
		{E2324DA0-C17D-42B1-BABF-7699E40DFEFE}.Release|Any CPU.ActiveCfg = Release|Any CPU
		{E2324DA0-C17D-42B1-BABF-7699E40DFEFE}.Release|Any CPU.Build.0 = Release|Any CPU
	EndGlobalSection
	GlobalSection(SolutionProperties) = preSolution
		HideSolutionNode = FALSE
	EndGlobalSection
EndGlobal
