Microsoft Visual Studio Solution File, Format Version 12.00
# Visual Studio Version 17
VisualStudioVersion = 17.6.33815.320
MinimumVisualStudioVersion = 10.0.40219.1
Project("{9A19103F-16F7-4668-BE54-9A1E7A4F7556}") = "TMDbLib", "TMDbLib\TMDbLib.csproj", "{A7D4744C-9EF2-4CC3-B786-E8E568874933}"
EndProject
Project("{9A19103F-16F7-4668-BE54-9A1E7A4F7556}") = "TestApplication", "TestApplication\TestApplication.csproj", "{4C8E1F72-DA9D-4EC6-8C04-5EC8EDC59FA1}"
EndProject
Project("{9A19103F-16F7-4668-BE54-9A1E7A4F7556}") = "TMDbLibTests", "TMDbLibTests\TMDbLibTests.csproj", "{228615EB-BFA3-44A7-8648-A7EA48470777}"
EndProject
Project("{2150E333-8FDC-42A3-9474-1A3956D46DE8}") = "Solution Items", "Solution Items", "{26BF5A0A-354A-46F5-A20C-0BEB5D45783A}"
	ProjectSection(SolutionItems) = preProject
		.editorconfig = .editorconfig
		Directory.Build.props = Directory.Build.props
		Readme.md = Readme.md
	EndProjectSection
EndProject
Project("{2150E333-8FDC-42A3-9474-1A3956D46DE8}") = "_Imports", "_Imports", "{EAFDB80A-E5BA-42EF-927D-D3E4079EF0FE}"
	ProjectSection(SolutionItems) = preProject
		_Imports\Local.targets = _Imports\Local.targets
		_Imports\Test.targets = _Imports\Test.targets
	EndProjectSection
EndProject
Global
	GlobalSection(SolutionConfigurationPlatforms) = preSolution
		Debug|Any CPU = Debug|Any CPU
		Release|Any CPU = Release|Any CPU
	EndGlobalSection
	GlobalSection(ProjectConfigurationPlatforms) = postSolution
		{A7D4744C-9EF2-4CC3-B786-E8E568874933}.Debug|Any CPU.ActiveCfg = Debug|Any CPU
		{A7D4744C-9EF2-4CC3-B786-E8E568874933}.Debug|Any CPU.Build.0 = Debug|Any CPU
		{A7D4744C-9EF2-4CC3-B786-E8E568874933}.Release|Any CPU.ActiveCfg = Release|Any CPU
		{A7D4744C-9EF2-4CC3-B786-E8E568874933}.Release|Any CPU.Build.0 = Release|Any CPU
		{4C8E1F72-DA9D-4EC6-8C04-5EC8EDC59FA1}.Debug|Any CPU.ActiveCfg = Debug|Any CPU
		{4C8E1F72-DA9D-4EC6-8C04-5EC8EDC59FA1}.Debug|Any CPU.Build.0 = Debug|Any CPU
		{4C8E1F72-DA9D-4EC6-8C04-5EC8EDC59FA1}.Release|Any CPU.ActiveCfg = Release|Any CPU
		{4C8E1F72-DA9D-4EC6-8C04-5EC8EDC59FA1}.Release|Any CPU.Build.0 = Release|Any CPU
		{228615EB-BFA3-44A7-8648-A7EA48470777}.Debug|Any CPU.ActiveCfg = Debug|Any CPU
		{228615EB-BFA3-44A7-8648-A7EA48470777}.Debug|Any CPU.Build.0 = Debug|Any CPU
		{228615EB-BFA3-44A7-8648-A7EA48470777}.Release|Any CPU.ActiveCfg = Release|Any CPU
		{228615EB-BFA3-44A7-8648-A7EA48470777}.Release|Any CPU.Build.0 = Release|Any CPU
	EndGlobalSection
	GlobalSection(SolutionProperties) = preSolution
		HideSolutionNode = FALSE
	EndGlobalSection
	GlobalSection(NestedProjects) = preSolution
		{EAFDB80A-E5BA-42EF-927D-D3E4079EF0FE} = {26BF5A0A-354A-46F5-A20C-0BEB5D45783A}
	EndGlobalSection
	GlobalSection(ExtensibilityGlobals) = postSolution
		SolutionGuid = {896D6C40-519C-452C-ADEF-F7A51C6D79B5}
	EndGlobalSection
EndGlobal
